
Microsoft Visual Studio Solution File, Format Version 12.00
# Visual Studio Version 17
VisualStudioVersion = 17.8.34330.188
MinimumVisualStudioVersion = 10.0.40219.1
Project("{9A19103F-16F7-4668-BE54-9A1E7A4F7556}") = "MusicApi", "MusicApi\MusicApi.csproj", "{B76465EE-161A-4D8C-BD25-E7F03C17DDAE}"
EndProject
Project("{2150E333-8FDC-42A3-9474-1A3956D46DE8}") = "01 基础设施层", "01 基础设施层", "{700D27EB-9CA0-4B34-B39E-517707613AE0}"
EndProject
Project("{2150E333-8FDC-42A3-9474-1A3956D46DE8}") = "02 数据库核心层", "02 数据库核心层", "{505CB776-E906-4EFE-BE3C-FD192E21AAB0}"
EndProject
Project("{2150E333-8FDC-42A3-9474-1A3956D46DE8}") = "03 实体层", "03 实体层", "{D4003BA1-8713-4498-BEAC-C5DA1FDCF429}"
EndProject
Project("{2150E333-8FDC-42A3-9474-1A3956D46DE8}") = "04 业务逻辑层", "04 业务逻辑层", "{4A8B5290-F7EC-4BEF-AD53-6D9E337BA22D}"
EndProject
Project("{9A19103F-16F7-4668-BE54-9A1E7A4F7556}") = "HSharp.Data", "HSharp.Data\HSharp.Data.csproj", "{810C18F8-E7D5-4D39-A794-4DF7BD16A858}"
EndProject
Project("{9A19103F-16F7-4668-BE54-9A1E7A4F7556}") = "HSharp.Data.EF", "HSharp.EF\HSharp.Data.EF.csproj", "{02CA3850-B69D-43B0-94BD-01A5D9C5F377}"
EndProject
Project("{9A19103F-16F7-4668-BE54-9A1E7A4F7556}") = "HSharp.Data.Repository", "HSharp.Data.Repository\HSharp.Data.Repository.csproj", "{8AFF082A-33DC-4E2A-9F24-50DE5E4DB251}"
EndProject
Project("{9A19103F-16F7-4668-BE54-9A1E7A4F7556}") = "HSharp.Util", "HSharp.Util\HSharp.Util.csproj", "{F9D7DB1A-5D17-4B67-AA62-61B0201A4711}"
EndProject
Project("{9A19103F-16F7-4668-BE54-9A1E7A4F7556}") = "HSharp.IdGenerator", "HSharp.IdGenerator\HSharp.IdGenerator.csproj", "{7A3942B9-1DC1-40A3-B09F-26D75E450B61}"
EndProject
Project("{2150E333-8FDC-42A3-9474-1A3956D46DE8}") = "数据缓存接口", "数据缓存接口", "{3FF333C9-D19C-469F-9EC1-98AB7A916B3F}"
EndProject
Project("{9A19103F-16F7-4668-BE54-9A1E7A4F7556}") = "HSharp.Cache.Factory", "HSharp.Cache.Factory\HSharp.Cache.Factory.csproj", "{2D279DFC-2B76-46B1-9008-76E60C7B93FA}"
EndProject
Project("{9A19103F-16F7-4668-BE54-9A1E7A4F7556}") = "HSharp.Cache.Interface", "HSharp.Cache.Interface\HSharp.Cache.Interface.csproj", "{209592F3-D594-4D65-B4DF-E8894F62C15D}"
EndProject
Project("{9A19103F-16F7-4668-BE54-9A1E7A4F7556}") = "HSharp.MemoryCache", "HSharp.MemoryCache\HSharp.MemoryCache.csproj", "{ED4EDAB3-55B9-4892-91B8-15A5D05D3CA6}"
EndProject
Project("{9A19103F-16F7-4668-BE54-9A1E7A4F7556}") = "HSharp.RedisCache", "HSharp.RedisCache\HSharp.RedisCache.csproj", "{EBF5FB6C-EA34-4938-AE16-76DCCDF8DF57}"
EndProject
Project("{9A19103F-16F7-4668-BE54-9A1E7A4F7556}") = "HSharp.Enum", "HSharp.Enum\HSharp.Enum.csproj", "{DB2317CC-D1D9-438A-B279-5DFCE4FDD445}"
EndProject
Project("{9A19103F-16F7-4668-BE54-9A1E7A4F7556}") = "MusicApi.Core", "MusicApi.Core\MusicApi.Core.csproj", "{DB1514DE-1BC9-49C8-AD29-B7CDABA49806}"
EndProject
Project("{9A19103F-16F7-4668-BE54-9A1E7A4F7556}") = "HSharp.Entity", "HSharp.Entity\HSharp.Entity.csproj", "{CC79C94D-E021-4A9F-8A70-A7D85B1FA3D0}"
EndProject
Project("{9A19103F-16F7-4668-BE54-9A1E7A4F7556}") = "HSharp.Services", "HSharp.Services\HSharp.Services.csproj", "{06C57158-42A5-4139-B883-431528D57CDA}"
EndProject
Project("{9A19103F-16F7-4668-BE54-9A1E7A4F7556}") = "HSharp.Contracts", "HSharp.Contracts\HSharp.Contracts.csproj", "{3E94D1F0-4DB0-461B-96F2-D0CF5B4FC187}"
EndProject
Project("{9A19103F-16F7-4668-BE54-9A1E7A4F7556}") = "HSharp.Models", "HSharp.Models\HSharp.Models.csproj", "{51FB6658-5B46-459D-8293-5FA31BEEC203}"
EndProject
Project("{9A19103F-16F7-4668-BE54-9A1E7A4F7556}") = "HSharp.Mapper", "HSharp.Mapper\HSharp.Mapper.csproj", "{FBBF160F-2A76-48C6-8F6F-381AD4F9D385}"
EndProject
Project("{FAE04EC0-301F-11D3-BF4B-00C04F79EFBC}") = "NunitTest", "NunitTest\NunitTest.csproj", "{2D27C2A8-981E-411E-9951-FED5C3D099AC}"
EndProject
Global
	GlobalSection(SolutionConfigurationPlatforms) = preSolution
		Debug|Any CPU = Debug|Any CPU
		Release|Any CPU = Release|Any CPU
	EndGlobalSection
	GlobalSection(ProjectConfigurationPlatforms) = postSolution
		{B76465EE-161A-4D8C-BD25-E7F03C17DDAE}.Debug|Any CPU.ActiveCfg = Debug|Any CPU
		{B76465EE-161A-4D8C-BD25-E7F03C17DDAE}.Debug|Any CPU.Build.0 = Debug|Any CPU
		{B76465EE-161A-4D8C-BD25-E7F03C17DDAE}.Release|Any CPU.ActiveCfg = Release|Any CPU
		{B76465EE-161A-4D8C-BD25-E7F03C17DDAE}.Release|Any CPU.Build.0 = Release|Any CPU
		{810C18F8-E7D5-4D39-A794-4DF7BD16A858}.Debug|Any CPU.ActiveCfg = Debug|Any CPU
		{810C18F8-E7D5-4D39-A794-4DF7BD16A858}.Debug|Any CPU.Build.0 = Debug|Any CPU
		{810C18F8-E7D5-4D39-A794-4DF7BD16A858}.Release|Any CPU.ActiveCfg = Release|Any CPU
		{810C18F8-E7D5-4D39-A794-4DF7BD16A858}.Release|Any CPU.Build.0 = Release|Any CPU
		{02CA3850-B69D-43B0-94BD-01A5D9C5F377}.Debug|Any CPU.ActiveCfg = Debug|Any CPU
		{02CA3850-B69D-43B0-94BD-01A5D9C5F377}.Debug|Any CPU.Build.0 = Debug|Any CPU
		{02CA3850-B69D-43B0-94BD-01A5D9C5F377}.Release|Any CPU.ActiveCfg = Release|Any CPU
		{02CA3850-B69D-43B0-94BD-01A5D9C5F377}.Release|Any CPU.Build.0 = Release|Any CPU
		{8AFF082A-33DC-4E2A-9F24-50DE5E4DB251}.Debug|Any CPU.ActiveCfg = Debug|Any CPU
		{8AFF082A-33DC-4E2A-9F24-50DE5E4DB251}.Debug|Any CPU.Build.0 = Debug|Any CPU
		{8AFF082A-33DC-4E2A-9F24-50DE5E4DB251}.Release|Any CPU.ActiveCfg = Release|Any CPU
		{8AFF082A-33DC-4E2A-9F24-50DE5E4DB251}.Release|Any CPU.Build.0 = Release|Any CPU
		{F9D7DB1A-5D17-4B67-AA62-61B0201A4711}.Debug|Any CPU.ActiveCfg = Debug|Any CPU
		{F9D7DB1A-5D17-4B67-AA62-61B0201A4711}.Debug|Any CPU.Build.0 = Debug|Any CPU
		{F9D7DB1A-5D17-4B67-AA62-61B0201A4711}.Release|Any CPU.ActiveCfg = Release|Any CPU
		{F9D7DB1A-5D17-4B67-AA62-61B0201A4711}.Release|Any CPU.Build.0 = Release|Any CPU
		{7A3942B9-1DC1-40A3-B09F-26D75E450B61}.Debug|Any CPU.ActiveCfg = Debug|Any CPU
		{7A3942B9-1DC1-40A3-B09F-26D75E450B61}.Debug|Any CPU.Build.0 = Debug|Any CPU
		{7A3942B9-1DC1-40A3-B09F-26D75E450B61}.Release|Any CPU.ActiveCfg = Release|Any CPU
		{7A3942B9-1DC1-40A3-B09F-26D75E450B61}.Release|Any CPU.Build.0 = Release|Any CPU
		{2D279DFC-2B76-46B1-9008-76E60C7B93FA}.Debug|Any CPU.ActiveCfg = Debug|Any CPU
		{2D279DFC-2B76-46B1-9008-76E60C7B93FA}.Debug|Any CPU.Build.0 = Debug|Any CPU
		{2D279DFC-2B76-46B1-9008-76E60C7B93FA}.Release|Any CPU.ActiveCfg = Release|Any CPU
		{2D279DFC-2B76-46B1-9008-76E60C7B93FA}.Release|Any CPU.Build.0 = Release|Any CPU
		{209592F3-D594-4D65-B4DF-E8894F62C15D}.Debug|Any CPU.ActiveCfg = Debug|Any CPU
		{209592F3-D594-4D65-B4DF-E8894F62C15D}.Debug|Any CPU.Build.0 = Debug|Any CPU
		{209592F3-D594-4D65-B4DF-E8894F62C15D}.Release|Any CPU.ActiveCfg = Release|Any CPU
		{209592F3-D594-4D65-B4DF-E8894F62C15D}.Release|Any CPU.Build.0 = Release|Any CPU
		{ED4EDAB3-55B9-4892-91B8-15A5D05D3CA6}.Debug|Any CPU.ActiveCfg = Debug|Any CPU
		{ED4EDAB3-55B9-4892-91B8-15A5D05D3CA6}.Debug|Any CPU.Build.0 = Debug|Any CPU
		{ED4EDAB3-55B9-4892-91B8-15A5D05D3CA6}.Release|Any CPU.ActiveCfg = Release|Any CPU
		{ED4EDAB3-55B9-4892-91B8-15A5D05D3CA6}.Release|Any CPU.Build.0 = Release|Any CPU
		{EBF5FB6C-EA34-4938-AE16-76DCCDF8DF57}.Debug|Any CPU.ActiveCfg = Debug|Any CPU
		{EBF5FB6C-EA34-4938-AE16-76DCCDF8DF57}.Debug|Any CPU.Build.0 = Debug|Any CPU
		{EBF5FB6C-EA34-4938-AE16-76DCCDF8DF57}.Release|Any CPU.ActiveCfg = Release|Any CPU
		{EBF5FB6C-EA34-4938-AE16-76DCCDF8DF57}.Release|Any CPU.Build.0 = Release|Any CPU
		{DB2317CC-D1D9-438A-B279-5DFCE4FDD445}.Debug|Any CPU.ActiveCfg = Debug|Any CPU
		{DB2317CC-D1D9-438A-B279-5DFCE4FDD445}.Debug|Any CPU.Build.0 = Debug|Any CPU
		{DB2317CC-D1D9-438A-B279-5DFCE4FDD445}.Release|Any CPU.ActiveCfg = Release|Any CPU
		{DB2317CC-D1D9-438A-B279-5DFCE4FDD445}.Release|Any CPU.Build.0 = Release|Any CPU
		{DB1514DE-1BC9-49C8-AD29-B7CDABA49806}.Debug|Any CPU.ActiveCfg = Debug|Any CPU
		{DB1514DE-1BC9-49C8-AD29-B7CDABA49806}.Debug|Any CPU.Build.0 = Debug|Any CPU
		{DB1514DE-1BC9-49C8-AD29-B7CDABA49806}.Release|Any CPU.ActiveCfg = Release|Any CPU
		{DB1514DE-1BC9-49C8-AD29-B7CDABA49806}.Release|Any CPU.Build.0 = Release|Any CPU
		{CC79C94D-E021-4A9F-8A70-A7D85B1FA3D0}.Debug|Any CPU.ActiveCfg = Debug|Any CPU
		{CC79C94D-E021-4A9F-8A70-A7D85B1FA3D0}.Debug|Any CPU.Build.0 = Debug|Any CPU
		{CC79C94D-E021-4A9F-8A70-A7D85B1FA3D0}.Release|Any CPU.ActiveCfg = Release|Any CPU
		{CC79C94D-E021-4A9F-8A70-A7D85B1FA3D0}.Release|Any CPU.Build.0 = Release|Any CPU
		{06C57158-42A5-4139-B883-431528D57CDA}.Debug|Any CPU.ActiveCfg = Debug|Any CPU
		{06C57158-42A5-4139-B883-431528D57CDA}.Debug|Any CPU.Build.0 = Debug|Any CPU
		{06C57158-42A5-4139-B883-431528D57CDA}.Release|Any CPU.ActiveCfg = Release|Any CPU
		{06C57158-42A5-4139-B883-431528D57CDA}.Release|Any CPU.Build.0 = Release|Any CPU
		{3E94D1F0-4DB0-461B-96F2-D0CF5B4FC187}.Debug|Any CPU.ActiveCfg = Debug|Any CPU
		{3E94D1F0-4DB0-461B-96F2-D0CF5B4FC187}.Debug|Any CPU.Build.0 = Debug|Any CPU
		{3E94D1F0-4DB0-461B-96F2-D0CF5B4FC187}.Release|Any CPU.ActiveCfg = Release|Any CPU
		{3E94D1F0-4DB0-461B-96F2-D0CF5B4FC187}.Release|Any CPU.Build.0 = Release|Any CPU
		{51FB6658-5B46-459D-8293-5FA31BEEC203}.Debug|Any CPU.ActiveCfg = Debug|Any CPU
		{51FB6658-5B46-459D-8293-5FA31BEEC203}.Debug|Any CPU.Build.0 = Debug|Any CPU
		{51FB6658-5B46-459D-8293-5FA31BEEC203}.Release|Any CPU.ActiveCfg = Release|Any CPU
		{51FB6658-5B46-459D-8293-5FA31BEEC203}.Release|Any CPU.Build.0 = Release|Any CPU
		{FBBF160F-2A76-48C6-8F6F-381AD4F9D385}.Debug|Any CPU.ActiveCfg = Debug|Any CPU
		{FBBF160F-2A76-48C6-8F6F-381AD4F9D385}.Debug|Any CPU.Build.0 = Debug|Any CPU
		{FBBF160F-2A76-48C6-8F6F-381AD4F9D385}.Release|Any CPU.ActiveCfg = Release|Any CPU
		{FBBF160F-2A76-48C6-8F6F-381AD4F9D385}.Release|Any CPU.Build.0 = Release|Any CPU
		{2D27C2A8-981E-411E-9951-FED5C3D099AC}.Debug|Any CPU.ActiveCfg = Debug|Any CPU
		{2D27C2A8-981E-411E-9951-FED5C3D099AC}.Debug|Any CPU.Build.0 = Debug|Any CPU
		{2D27C2A8-981E-411E-9951-FED5C3D099AC}.Release|Any CPU.ActiveCfg = Release|Any CPU
		{2D27C2A8-981E-411E-9951-FED5C3D099AC}.Release|Any CPU.Build.0 = Release|Any CPU
	EndGlobalSection
	GlobalSection(SolutionProperties) = preSolution
		HideSolutionNode = FALSE
	EndGlobalSection
	GlobalSection(NestedProjects) = preSolution
		{810C18F8-E7D5-4D39-A794-4DF7BD16A858} = {505CB776-E906-4EFE-BE3C-FD192E21AAB0}
		{02CA3850-B69D-43B0-94BD-01A5D9C5F377} = {505CB776-E906-4EFE-BE3C-FD192E21AAB0}
		{8AFF082A-33DC-4E2A-9F24-50DE5E4DB251} = {505CB776-E906-4EFE-BE3C-FD192E21AAB0}
		{F9D7DB1A-5D17-4B67-AA62-61B0201A4711} = {700D27EB-9CA0-4B34-B39E-517707613AE0}
		{7A3942B9-1DC1-40A3-B09F-26D75E450B61} = {700D27EB-9CA0-4B34-B39E-517707613AE0}
		{3FF333C9-D19C-469F-9EC1-98AB7A916B3F} = {700D27EB-9CA0-4B34-B39E-517707613AE0}
		{2D279DFC-2B76-46B1-9008-76E60C7B93FA} = {3FF333C9-D19C-469F-9EC1-98AB7A916B3F}
		{209592F3-D594-4D65-B4DF-E8894F62C15D} = {3FF333C9-D19C-469F-9EC1-98AB7A916B3F}
		{ED4EDAB3-55B9-4892-91B8-15A5D05D3CA6} = {3FF333C9-D19C-469F-9EC1-98AB7A916B3F}
		{EBF5FB6C-EA34-4938-AE16-76DCCDF8DF57} = {3FF333C9-D19C-469F-9EC1-98AB7A916B3F}
		{DB2317CC-D1D9-438A-B279-5DFCE4FDD445} = {D4003BA1-8713-4498-BEAC-C5DA1FDCF429}
		{CC79C94D-E021-4A9F-8A70-A7D85B1FA3D0} = {D4003BA1-8713-4498-BEAC-C5DA1FDCF429}
		{06C57158-42A5-4139-B883-431528D57CDA} = {4A8B5290-F7EC-4BEF-AD53-6D9E337BA22D}
		{3E94D1F0-4DB0-461B-96F2-D0CF5B4FC187} = {4A8B5290-F7EC-4BEF-AD53-6D9E337BA22D}
		{51FB6658-5B46-459D-8293-5FA31BEEC203} = {D4003BA1-8713-4498-BEAC-C5DA1FDCF429}
		{FBBF160F-2A76-48C6-8F6F-381AD4F9D385} = {700D27EB-9CA0-4B34-B39E-517707613AE0}
	EndGlobalSection
	GlobalSection(ExtensibilityGlobals) = postSolution
		SolutionGuid = {F442F491-A3C9-45A0-AD63-596BB258EE5D}
	EndGlobalSection
EndGlobal
